Microsoft Visual Studio Solution File, Format Version 12.00
# Visual Studio Version 17
VisualStudioVersion = 17.5.2.0
MinimumVisualStudioVersion = 10.0.40219.1
Project("{FAE04EC0-301F-11D3-BF4B-00C04F79EFBC}") = "lab1v17", "lab1v17\lab1v17.csproj", "{7EAD214D-57F9-341A-784D-DF5FFC1893C9}"
EndProject
Project("{FAE04EC0-301F-11D3-BF4B-00C04F79EFBC}") = "lab22", "lab22\lab22.csproj", "{06630F58-717B-4CE3-B9E1-89C2E86B4CE0}"
EndProject
Global
	GlobalSection(SolutionConfigurationPlatforms) = preSolution
		Debug|Any CPU = Debug|Any CPU
		Release|Any CPU = Release|Any CPU
	EndGlobalSection
	GlobalSection(ProjectConfigurationPlatforms) = postSolution
		{7EAD214D-57F9-341A-784D-DF5FFC1893C9}.Debug|Any CPU.ActiveCfg = Debug|Any CPU
		{7EAD214D-57F9-341A-784D-DF5FFC1893C9}.Debug|Any CPU.Build.0 = Debug|Any CPU
		{7EAD214D-57F9-341A-784D-DF5FFC1893C9}.Release|Any CPU.ActiveCfg = Release|Any CPU
		{7EAD214D-57F9-341A-784D-DF5FFC1893C9}.Release|Any CPU.Build.0 = Release|Any CPU
		{06630F58-717B-4CE3-B9E1-89C2E86B4CE0}.Debug|Any CPU.ActiveCfg = Debug|Any CPU
		{06630F58-717B-4CE3-B9E1-89C2E86B4CE0}.Debug|Any CPU.Build.0 = Debug|Any CPU
		{06630F58-717B-4CE3-B9E1-89C2E86B4CE0}.Release|Any CPU.ActiveCfg = Release|Any CPU
		{06630F58-717B-4CE3-B9E1-89C2E86B4CE0}.Release|Any CPU.Build.0 = Release|Any CPU
	EndGlobalSection
	GlobalSection(SolutionProperties) = preSolution
		HideSolutionNode = FALSE
	EndGlobalSection
	GlobalSection(ExtensibilityGlobals) = postSolution
		SolutionGuid = {644CAD62-3F4C-405C-92FA-FE3B4FFB6B99}
	EndGlobalSection
EndGlobal
